// !$*UTF8*$!
{
	archiveVersion = 1;
	classes = {
	};
	objectVersion = 46;
	objects = {

/* Begin PBXBuildFile section */
		22C7F6D41D3929C90038EB6A /* AppDelegate.swift in Sources */ = {isa = PBXBuildFile; fileRef = 22C7F6D31D3929C90038EB6A /* AppDelegate.swift */; };
		22C7F6D61D3929C90038EB6A /* ViewController.swift in Sources */ = {isa = PBXBuildFile; fileRef = 22C7F6D51D3929C90038EB6A /* ViewController.swift */; };
		22C7F6D91D3929C90038EB6A /* Main.storyboard in Resources */ = {isa = PBXBuildFile; fileRef = 22C7F6D71D3929C90038EB6A /* Main.storyboard */; };
		22C7F6DB1D3929C90038EB6A /* Assets.xcassets in Resources */ = {isa = PBXBuildFile; fileRef = 22C7F6DA1D3929C90038EB6A /* Assets.xcassets */; };
		22C7F6DE1D3929C90038EB6A /* LaunchScreen.storyboard in Resources */ = {isa = PBXBuildFile; fileRef = 22C7F6DC1D3929C90038EB6A /* LaunchScreen.storyboard */; };
		22C7F6E91D3929C90038EB6A /* TicTacToeTests.swift in Sources */ = {isa = PBXBuildFile; fileRef = 22C7F6E81D3929C90038EB6A /* TicTacToeTests.swift */; };
		22C7F6F41D3929CA0038EB6A /* TicTacToeUITests.swift in Sources */ = {isa = PBXBuildFile; fileRef = 22C7F6F31D3929CA0038EB6A /* TicTacToeUITests.swift */; };
/* End PBXBuildFile section */

/* Begin PBXContainerItemProxy section */
		22C7F6E51D3929C90038EB6A /* PBXContainerItemProxy */ = {
			isa = PBXContainerItemProxy;
			containerPortal = 22C7F6C81D3929C90038EB6A /* Project object */;
			proxyType = 1;
			remoteGlobalIDString = 22C7F6CF1D3929C90038EB6A;
			remoteInfo = TicTacToe;
		};
		22C7F6F01D3929CA0038EB6A /* PBXContainerItemProxy */ = {
			isa = PBXContainerItemProxy;
			containerPortal = 22C7F6C81D3929C90038EB6A /* Project object */;
			proxyType = 1;
			remoteGlobalIDString = 22C7F6CF1D3929C90038EB6A;
			remoteInfo = TicTacToe;
		};
/* End PBXContainerItemProxy section */

/* Begin PBXFileReference section */
		22C7F6D01D3929C90038EB6A /* TicTacToe.app */ = {isa = PBXFileReference; explicitFileType = wrapper.application; includeInIndex = 0; path = TicTacToe.app; sourceTree = BUILT_PRODUCTS_DIR; };
		22C7F6D31D3929C90038EB6A /* AppDelegate.swift */ = {isa = PBXFileReference; lastKnownFileType = sourcecode.swift; path = AppDelegate.swift; sourceTree = "<group>"; };
		22C7F6D51D3929C90038EB6A /* ViewController.swift */ = {isa = PBXFileReference; lastKnownFileType = sourcecode.swift; path = ViewController.swift; sourceTree = "<group>"; };
		22C7F6D81D3929C90038EB6A /* Base */ = {isa = PBXFileReference; lastKnownFileType = file.storyboard; name = Base; path = Base.lproj/Main.storyboard; sourceTree = "<group>"; };
		22C7F6DA1D3929C90038EB6A /* Assets.xcassets */ = {isa = PBXFileReference; lastKnownFileType = folder.assetcatalog; path = Assets.xcassets; sourceTree = "<group>"; };
		22C7F6DD1D3929C90038EB6A /* Base */ = {isa = PBXFileReference; lastKnownFileType = file.storyboard; name = Base; path = Base.lproj/LaunchScreen.storyboard; sourceTree = "<group>"; };
		22C7F6DF1D3929C90038EB6A /* Info.plist */ = {isa = PBXFileReference; lastKnownFileType = text.plist.xml; path = Info.plist; sourceTree = "<group>"; };
		22C7F6E41D3929C90038EB6A /* TicTacToeTests.xctest */ = {isa = PBXFileReference; explicitFileType = wrapper.cfbundle; includeInIndex = 0; path = TicTacToeTests.xctest; sourceTree = BUILT_PRODUCTS_DIR; };
		22C7F6E81D3929C90038EB6A /* TicTacToeTests.swift */ = {isa = PBXFileReference; lastKnownFileType = sourcecode.swift; path = TicTacToeTests.swift; sourceTree = "<group>"; };
		22C7F6EA1D3929C90038EB6A /* Info.plist */ = {isa = PBXFileReference; lastKnownFileType = text.plist.xml; path = Info.plist; sourceTree = "<group>"; };
		22C7F6EF1D3929CA0038EB6A /* TicTacToeUITests.xctest */ = {isa = PBXFileReference; explicitFileType = wrapper.cfbundle; includeInIndex = 0; path = TicTacToeUITests.xctest; sourceTree = BUILT_PRODUCTS_DIR; };
		22C7F6F31D3929CA0038EB6A /* TicTacToeUITests.swift */ = {isa = PBXFileReference; lastKnownFileType = sourcecode.swift; path = TicTacToeUITests.swift; sourceTree = "<group>"; };
		22C7F6F51D3929CA0038EB6A /* Info.plist */ = {isa = PBXFileReference; lastKnownFileType = text.plist.xml; path = Info.plist; sourceTree = "<group>"; };
/* End PBXFileReference section */

/* Begin PBXFrameworksBuildPhase section */
		22C7F6CD1D3929C90038EB6A /* Frameworks */ = {
			isa = PBXFrameworksBuildPhase;
			buildActionMask = 2147483647;
			files = (
			);
			runOnlyForDeploymentPostprocessing = 0;
		};
		22C7F6E11D3929C90038EB6A /* Frameworks */ = {
			isa = PBXFrameworksBuildPhase;
			buildActionMask = 2147483647;
			files = (
			);
			runOnlyForDeploymentPostprocessing = 0;
		};
		22C7F6EC1D3929CA0038EB6A /* Frameworks */ = {
			isa = PBXFrameworksBuildPhase;
			buildActionMask = 2147483647;
			files = (
			);
			runOnlyForDeploymentPostprocessing = 0;
		};
/* End PBXFrameworksBuildPhase section */

/* Begin PBXGroup section */
		22C7F6C71D3929C90038EB6A = {
			isa = PBXGroup;
			children = (
				22C7F6D21D3929C90038EB6A /* TicTacToe */,
				22C7F6E71D3929C90038EB6A /* TicTacToeTests */,
				22C7F6F21D3929CA0038EB6A /* TicTacToeUITests */,
				22C7F6D11D3929C90038EB6A /* Products */,
			);
			sourceTree = "<group>";
		};
		22C7F6D11D3929C90038EB6A /* Products */ = {
			isa = PBXGroup;
			children = (
				22C7F6D01D3929C90038EB6A /* TicTacToe.app */,
				22C7F6E41D3929C90038EB6A /* TicTacToeTests.xctest */,
				22C7F6EF1D3929CA0038EB6A /* TicTacToeUITests.xctest */,
			);
			name = Products;
			sourceTree = "<group>";
		};
		22C7F6D21D3929C90038EB6A /* TicTacToe */ = {
			isa = PBXGroup;
			children = (
				22C7F6D31D3929C90038EB6A /* AppDelegate.swift */,
				22C7F6D51D3929C90038EB6A /* ViewController.swift */,
				22C7F6D71D3929C90038EB6A /* Main.storyboard */,
				22C7F6DA1D3929C90038EB6A /* Assets.xcassets */,
				22C7F6DC1D3929C90038EB6A /* LaunchScreen.storyboard */,
				22C7F6DF1D3929C90038EB6A /* Info.plist */,
			);
			path = TicTacToe;
			sourceTree = "<group>";
		};
		22C7F6E71D3929C90038EB6A /* TicTacToeTests */ = {
			isa = PBXGroup;
			children = (
				22C7F6E81D3929C90038EB6A /* TicTacToeTests.swift */,
				22C7F6EA1D3929C90038EB6A /* Info.plist */,
			);
			path = TicTacToeTests;
			sourceTree = "<group>";
		};
		22C7F6F21D3929CA0038EB6A /* TicTacToeUITests */ = {
			isa = PBXGroup;
			children = (
				22C7F6F31D3929CA0038EB6A /* TicTacToeUITests.swift */,
				22C7F6F51D3929CA0038EB6A /* Info.plist */,
			);
			path = TicTacToeUITests;
			sourceTree = "<group>";
		};
/* End PBXGroup section */

/* Begin PBXNativeTarget section */
		22C7F6CF1D3929C90038EB6A /* TicTacToe */ = {
			isa = PBXNativeTarget;
			buildConfigurationList = 22C7F6F81D3929CA0038EB6A /* Build configuration list for PBXNativeTarget "TicTacToe" */;
			buildPhases = (
				22C7F6CC1D3929C90038EB6A /* Sources */,
				22C7F6CD1D3929C90038EB6A /* Frameworks */,
				22C7F6CE1D3929C90038EB6A /* Resources */,
			);
			buildRules = (
			);
			dependencies = (
			);
			name = TicTacToe;
			productName = TicTacToe;
			productReference = 22C7F6D01D3929C90038EB6A /* TicTacToe.app */;
			productType = "com.apple.product-type.application";
		};
		22C7F6E31D3929C90038EB6A /* TicTacToeTests */ = {
			isa = PBXNativeTarget;
			buildConfigurationList = 22C7F6FB1D3929CA0038EB6A /* Build configuration list for PBXNativeTarget "TicTacToeTests" */;
			buildPhases = (
				22C7F6E01D3929C90038EB6A /* Sources */,
				22C7F6E11D3929C90038EB6A /* Frameworks */,
				22C7F6E21D3929C90038EB6A /* Resources */,
			);
			buildRules = (
			);
			dependencies = (
				22C7F6E61D3929C90038EB6A /* PBXTargetDependency */,
			);
			name = TicTacToeTests;
			productName = TicTacToeTests;
			productReference = 22C7F6E41D3929C90038EB6A /* TicTacToeTests.xctest */;
			productType = "com.apple.product-type.bundle.unit-test";
		};
		22C7F6EE1D3929CA0038EB6A /* TicTacToeUITests */ = {
			isa = PBXNativeTarget;
			buildConfigurationList = 22C7F6FE1D3929CA0038EB6A /* Build configuration list for PBXNativeTarget "TicTacToeUITests" */;
			buildPhases = (
				22C7F6EB1D3929CA0038EB6A /* Sources */,
				22C7F6EC1D3929CA0038EB6A /* Frameworks */,
				22C7F6ED1D3929CA0038EB6A /* Resources */,
			);
			buildRules = (
			);
			dependencies = (
				22C7F6F11D3929CA0038EB6A /* PBXTargetDependency */,
			);
			name = TicTacToeUITests;
			productName = TicTacToeUITests;
			productReference = 22C7F6EF1D3929CA0038EB6A /* TicTacToeUITests.xctest */;
			productType = "com.apple.product-type.bundle.ui-testing";
		};
/* End PBXNativeTarget section */

/* Begin PBXProject section */
		22C7F6C81D3929C90038EB6A /* Project object */ = {
			isa = PBXProject;
			attributes = {
				LastSwiftUpdateCheck = 0730;
				LastUpgradeCheck = 0730;
				ORGANIZATIONNAME = "PRC-LH138-03";
				TargetAttributes = {
					22C7F6CF1D3929C90038EB6A = {
						CreatedOnToolsVersion = 7.3.1;
					};
					22C7F6E31D3929C90038EB6A = {
						CreatedOnToolsVersion = 7.3.1;
						TestTargetID = 22C7F6CF1D3929C90038EB6A;
					};
					22C7F6EE1D3929CA0038EB6A = {
						CreatedOnToolsVersion = 7.3.1;
						TestTargetID = 22C7F6CF1D3929C90038EB6A;
					};
				};
			};
			buildConfigurationList = 22C7F6CB1D3929C90038EB6A /* Build configuration list for PBXProject "TicTacToe" */;
			compatibilityVersion = "Xcode 3.2";
			developmentRegion = English;
			hasScannedForEncodings = 0;
			knownRegions = (
				en,
				Base,
			);
			mainGroup = 22C7F6C71D3929C90038EB6A;
			productRefGroup = 22C7F6D11D3929C90038EB6A /* Products */;
			projectDirPath = "";
			projectRoot = "";
			targets = (
				22C7F6CF1D3929C90038EB6A /* TicTacToe */,
				22C7F6E31D3929C90038EB6A /* TicTacToeTests */,
				22C7F6EE1D3929CA0038EB6A /* TicTacToeUITests */,
			);
		};
/* End PBXProject section */

/* Begin PBXResourcesBuildPhase section */
		22C7F6CE1D3929C90038EB6A /* Resources */ = {
			isa = PBXResourcesBuildPhase;
			buildActionMask = 2147483647;
			files = (
				22C7F6DE1D3929C90038EB6A /* LaunchScreen.storyboard in Resources */,
				22C7F6DB1D3929C90038EB6A /* Assets.xcassets in Resources */,
				22C7F6D91D3929C90038EB6A /* Main.storyboard in Resources */,
			);
			runOnlyForDeploymentPostprocessing = 0;
		};
		22C7F6E21D3929C90038EB6A /* Resources */ = {
			isa = PBXResourcesBuildPhase;
			buildActionMask = 2147483647;
			files = (
			);
			runOnlyForDeploymentPostprocessing = 0;
		};
		22C7F6ED1D3929CA0038EB6A /* Resources */ = {
			isa = PBXResourcesBuildPhase;
			buildActionMask = 2147483647;
			files = (
			);
			runOnlyForDeploymentPostprocessing = 0;
		};
/* End PBXResourcesBuildPhase section */

/* Begin PBXSourcesBuildPhase section */
		22C7F6CC1D3929C90038EB6A /* Sources */ = {
			isa = PBXSourcesBuildPhase;
			buildActionMask = 2147483647;
			files = (
				22C7F6D61D3929C90038EB6A /* ViewController.swift in Sources */,
				22C7F6D41D3929C90038EB6A /* AppDelegate.swift in Sources */,
			);
			runOnlyForDeploymentPostprocessing = 0;
		};
		22C7F6E01D3929C90038EB6A /* Sources */ = {
			isa = PBXSourcesBuildPhase;
			buildActionMask = 2147483647;
			files = (
				22C7F6E91D3929C90038EB6A /* TicTacToeTests.swift in Sources */,
			);
			runOnlyForDeploymentPostprocessing = 0;
		};
		22C7F6EB1D3929CA0038EB6A /* Sources */ = {
			isa = PBXSourcesBuildPhase;
			buildActionMask = 2147483647;
			files = (
				22C7F6F41D3929CA0038EB6A /* TicTacToeUITests.swift in Sources */,
			);
			runOnlyForDeploymentPostprocessing = 0;
		};
/* End PBXSourcesBuildPhase section */

/* Begin PBXTargetDependency section */
		22C7F6E61D3929C90038EB6A /* PBXTargetDependency */ = {
			isa = PBXTargetDependency;
			target = 22C7F6CF1D3929C90038EB6A /* TicTacToe */;
			targetProxy = 22C7F6E51D3929C90038EB6A /* PBXContainerItemProxy */;
		};
		22C7F6F11D3929CA0038EB6A /* PBXTargetDependency */ = {
			isa = PBXTargetDependency;
			target = 22C7F6CF1D3929C90038EB6A /* TicTacToe */;
			targetProxy = 22C7F6F01D3929CA0038EB6A /* PBXContainerItemProxy */;
		};
/* End PBXTargetDependency section */

/* Begin PBXVariantGroup section */
		22C7F6D71D3929C90038EB6A /* Main.storyboard */ = {
			isa = PBXVariantGroup;
			children = (
				22C7F6D81D3929C90038EB6A /* Base */,
			);
			name = Main.storyboard;
			sourceTree = "<group>";
		};
		22C7F6DC1D3929C90038EB6A /* LaunchScreen.storyboard */ = {
			isa = PBXVariantGroup;
			children = (
				22C7F6DD1D3929C90038EB6A /* Base */,
			);
			name = LaunchScreen.storyboard;
			sourceTree = "<group>";
		};
/* End PBXVariantGroup section */

/* Begin XCBuildConfiguration section */
		22C7F6F61D3929CA0038EB6A /* Debug */ = {
			isa = XCBuildConfiguration;
			buildSettings = {
				ALWAYS_SEARCH_USER_PATHS = NO;
				CLANG_ANALYZER_NONNULL = YES;
				CLANG_CXX_LANGUAGE_STANDARD = "gnu++0x";
				CLANG_CXX_LIBRARY = "libc++";
				CLANG_ENABLE_MODULES = YES;
				CLANG_ENABLE_OBJC_ARC = YES;
				CLANG_WARN_BOOL_CONVERSION = YES;
				CLANG_WARN_CONSTANT_CONVERSION = YES;
				CLANG_WARN_DIRECT_OBJC_ISA_USAGE = YES_ERROR;
				CLANG_WARN_EMPTY_BODY = YES;
				CLANG_WARN_ENUM_CONVERSION = YES;
				CLANG_WARN_INT_CONVERSION = YES;
				CLANG_WARN_OBJC_ROOT_CLASS = YES_ERROR;
				CLANG_WARN_UNREACHABLE_CODE = YES;
				CLANG_WARN__DUPLICATE_METHOD_MATCH = YES;
				"CODE_SIGN_IDENTITY[sdk=iphoneos*]" = "iPhone Developer";
				COPY_PHASE_STRIP = NO;
				DEBUG_INFORMATION_FORMAT = dwarf;
				ENABLE_STRICT_OBJC_MSGSEND = YES;
				ENABLE_TESTABILITY = YES;
				GCC_C_LANGUAGE_STANDARD = gnu99;
				GCC_DYNAMIC_NO_PIC = NO;
				GCC_NO_COMMON_BLOCKS = YES;
				GCC_OPTIMIZATION_LEVEL = 0;
				GCC_PREPROCESSOR_DEFINITIONS = (
					"DEBUG=1",
					"$(inherited)",
				);
				GCC_WARN_64_TO_32_BIT_CONVERSION = YES;
				GCC_WARN_ABOUT_RETURN_TYPE = YES_ERROR;
				GCC_WARN_UNDECLARED_SELECTOR = YES;
				GCC_WARN_UNINITIALIZED_AUTOS = YES_AGGRESSIVE;
				GCC_WARN_UNUSED_FUNCTION = YES;
				GCC_WARN_UNUSED_VARIABLE = YES;
				IPHONEOS_DEPLOYMENT_TARGET = 9.3;
				MTL_ENABLE_DEBUG_INFO = YES;
				ONLY_ACTIVE_ARCH = YES;
				SDKROOT = iphoneos;
				SWIFT_OPTIMIZATION_LEVEL = "-Onone";
			};
			name = Debug;
		};
		22C7F6F71D3929CA0038EB6A /* Release */ = {
			isa = XCBuildConfiguration;
			buildSettings = {
				ALWAYS_SEARCH_USER_PATHS = NO;
				CLANG_ANALYZER_NONNULL = YES;
				CLANG_CXX_LANGUAGE_STANDARD = "gnu++0x";
				CLANG_CXX_LIBRARY = "libc++";
				CLANG_ENABLE_MODULES = YES;
				CLANG_ENABLE_OBJC_ARC = YES;
				CLANG_WARN_BOOL_CONVERSION = YES;
				CLANG_WARN_CONSTANT_CONVERSION = YES;
				CLANG_WARN_DIRECT_OBJC_ISA_USAGE = YES_ERROR;
				CLANG_WARN_EMPTY_BODY = YES;
				CLANG_WARN_ENUM_CONVERSION = YES;
				CLANG_WARN_INT_CONVERSION = YES;
				CLANG_WARN_OBJC_ROOT_CLASS = YES_ERROR;
				CLANG_WARN_UNREACHABLE_CODE = YES;
				CLANG_WARN__DUPLICATE_METHOD_MATCH = YES;
				"CODE_SIGN_IDENTITY[sdk=iphoneos*]" = "iPhone Developer";
				COPY_PHASE_STRIP = NO;
				DEBUG_INFORMATION_FORMAT = "dwarf-with-dsym";
				ENABLE_NS_ASSERTIONS = NO;
				ENABLE_STRICT_OBJC_MSGSEND = YES;
				GCC_C_LANGUAGE_STANDARD = gnu99;
				GCC_NO_COMMON_BLOCKS = YES;
				GCC_WARN_64_TO_32_BIT_CONVERSION = YES;
				GCC_WARN_ABOUT_RETURN_TYPE = YES_ERROR;
				GCC_WARN_UNDECLARED_SELECTOR = YES;
				GCC_WARN_UNINITIALIZED_AUTOS = YES_AGGRESSIVE;
				GCC_WARN_UNUSED_FUNCTION = YES;
				GCC_WARN_UNUSED_VARIABLE = YES;
				IPHONEOS_DEPLOYMENT_TARGET = 9.3;
				MTL_ENABLE_DEBUG_INFO = NO;
				SDKROOT = iphoneos;
				VALIDATE_PRODUCT = YES;
			};
			name = Release;
		};
		22C7F6F91D3929CA0038EB6A /* Debug */ = {
			isa = XCBuildConfiguration;
			buildSettings = {
				ASSETCATALOG_COMPILER_APPICON_NAME = AppIcon;
				INFOPLIST_FILE = TicTacToe/Info.plist;
				LD_RUNPATH_SEARCH_PATHS = "$(inherited) @executable_path/Frameworks";
				PRODUCT_BUNDLE_IDENTIFIER = UB.TicTacToe;
				PRODUCT_NAME = "$(TARGET_NAME)";
			};
			name = Debug;
		};
		22C7F6FA1D3929CA0038EB6A /* Release */ = {
			isa = XCBuildConfiguration;
			buildSettings = {
				ASSETCATALOG_COMPILER_APPICON_NAME = AppIcon;
				INFOPLIST_FILE = TicTacToe/Info.plist;
				LD_RUNPATH_SEARCH_PATHS = "$(inherited) @executable_path/Frameworks";
				PRODUCT_BUNDLE_IDENTIFIER = UB.TicTacToe;
				PRODUCT_NAME = "$(TARGET_NAME)";
			};
			name = Release;
		};
		22C7F6FC1D3929CA0038EB6A /* Debug */ = {
			isa = XCBuildConfiguration;
			buildSettings = {
				BUNDLE_LOADER = "$(TEST_HOST)";
				INFOPLIST_FILE = TicTacToeTests/Info.plist;
				LD_RUNPATH_SEARCH_PATHS = "$(inherited) @executable_path/Frameworks @loader_path/Frameworks";
				PRODUCT_BUNDLE_IDENTIFIER = UB.TicTacToeTests;
				PRODUCT_NAME = "$(TARGET_NAME)";
				TEST_HOST = "$(BUILT_PRODUCTS_DIR)/TicTacToe.app/TicTacToe";
			};
			name = Debug;
		};
		22C7F6FD1D3929CA0038EB6A /* Release */ = {
			isa = XCBuildConfiguration;
			buildSettings = {
				BUNDLE_LOADER = "$(TEST_HOST)";
				INFOPLIST_FILE = TicTacToeTests/Info.plist;
				LD_RUNPATH_SEARCH_PATHS = "$(inherited) @executable_path/Frameworks @loader_path/Frameworks";
				PRODUCT_BUNDLE_IDENTIFIER = UB.TicTacToeTests;
				PRODUCT_NAME = "$(TARGET_NAME)";
				TEST_HOST = "$(BUILT_PRODUCTS_DIR)/TicTacToe.app/TicTacToe";
			};
			name = Release;
		};
		22C7F6FF1D3929CA0038EB6A /* Debug */ = {
			isa = XCBuildConfiguration;
			buildSettings = {
				INFOPLIST_FILE = TicTacToeUITests/Info.plist;
				LD_RUNPATH_SEARCH_PATHS = "$(inherited) @executable_path/Frameworks @loader_path/Frameworks";
				PRODUCT_BUNDLE_IDENTIFIER = UB.TicTacToeUITests;
				PRODUCT_NAME = "$(TARGET_NAME)";
				TEST_TARGET_NAME = TicTacToe;
			};
			name = Debug;
		};
		22C7F7001D3929CA0038EB6A /* Release */ = {
			isa = XCBuildConfiguration;
			buildSettings = {
				INFOPLIST_FILE = TicTacToeUITests/Info.plist;
				LD_RUNPATH_SEARCH_PATHS = "$(inherited) @executable_path/Frameworks @loader_path/Frameworks";
				PRODUCT_BUNDLE_IDENTIFIER = UB.TicTacToeUITests;
				PRODUCT_NAME = "$(TARGET_NAME)";
				TEST_TARGET_NAME = TicTacToe;
			};
			name = Release;
		};
/* End XCBuildConfiguration section */

/* Begin XCConfigurationList section */
		22C7F6CB1D3929C90038EB6A /* Build configuration list for PBXProject "TicTacToe" */ = {
			isa = XCConfigurationList;
			buildConfigurations = (
				22C7F6F61D3929CA0038EB6A /* Debug */,
				22C7F6F71D3929CA0038EB6A /* Release */,
			);
			defaultConfigurationIsVisible = 0;
			defaultConfigurationName = Release;
		};
		22C7F6F81D3929CA0038EB6A /* Build configuration list for PBXNativeTarget "TicTacToe" */ = {
			isa = XCConfigurationList;
			buildConfigurations = (
				22C7F6F91D3929CA0038EB6A /* Debug */,
				22C7F6FA1D3929CA0038EB6A /* Release */,
			);
			defaultConfigurationIsVisible = 0;
		};
		22C7F6FB1D3929CA0038EB6A /* Build configuration list for PBXNativeTarget "TicTacToeTests" */ = {
			isa = XCConfigurationList;
			buildConfigurations = (
				22C7F6FC1D3929CA0038EB6A /* Debug */,
				22C7F6FD1D3929CA0038EB6A /* Release */,
			);
			defaultConfigurationIsVisible = 0;
		};
		22C7F6FE1D3929CA0038EB6A /* Build configuration list for PBXNativeTarget "TicTacToeUITests" */ = {
			isa = XCConfigurationList;
			buildConfigurations = (
				22C7F6FF1D3929CA0038EB6A /* Debug */,
				22C7F7001D3929CA0038EB6A /* Release */,
			);
			defaultConfigurationIsVisible = 0;
		};
/* End XCConfigurationList section */
	};
	rootObject = 22C7F6C81D3929C90038EB6A /* Project object */;
}
